
Microsoft Visual Studio Solution File, Format Version 12.00
# Visual Studio Version 17
VisualStudioVersion = 17.9.34723.18
MinimumVisualStudioVersion = 10.0.40219.1
Project("{888888A0-9F3D-457C-B088-3A5042F75D52}") = "EmotionDetection", "EmotionDetection.pyproj", "{97DE57CC-70B3-4658-92ED-D38D8A215DDA}"
EndProject
Global
	GlobalSection(SolutionConfigurationPlatforms) = preSolution
		Debug|Any CPU = Debug|Any CPU
		Release|Any CPU = Release|Any CPU
	EndGlobalSection
	GlobalSection(ProjectConfigurationPlatforms) = postSolution
		{97DE57CC-70B3-4658-92ED-D38D8A215DDA}.Debug|Any CPU.ActiveCfg = Debug|Any CPU
		{97DE57CC-70B3-4658-92ED-D38D8A215DDA}.Release|Any CPU.ActiveCfg = Release|Any CPU
	EndGlobalSection
	GlobalSection(SolutionProperties) = preSolution
		HideSolutionNode = FALSE
	EndGlobalSection
	GlobalSection(ExtensibilityGlobals) = postSolution
		SolutionGuid = {B11F3521-7CA8-41E8-81AE-CD3D125EC7C6}
	EndGlobalSection
EndGlobal
